
Microsoft Visual Studio Solution File, Format Version 12.00
# Visual Studio Version 17
VisualStudioVersion = 17.5.2.0
MinimumVisualStudioVersion = 10.0.40219.1
Project("{FAE04EC0-301F-11D3-BF4B-00C04F79EFBC}") = "Testcontainers.AutoSetup.Core", "Testcontainers.AutoSetup.Core\Testcontainers.AutoSetup.Core.csproj", "{CE0A2F38-9ED5-4102-962E-A6B1872AF9CD}"
EndProject
Project("{2150E333-8FDC-42A3-9474-1A3956D46DE8}") = "Testcontainers.AutoSetup.EntityFramework", "Testcontainers.AutoSetup.EntityFramework", "{E98B419B-7C94-4939-09BD-90B9BA269A57}"
EndProject
Project("{FAE04EC0-301F-11D3-BF4B-00C04F79EFBC}") = "Testcontainers.AutoSetup.Entityframework", "Testcontainers.AutoSetup.EntityFramework\Testcontainers.AutoSetup.Entityframework.csproj", "{42703439-F256-431E-8ADE-7813BA692518}"
EndProject
Project("{FAE04EC0-301F-11D3-BF4B-00C04F79EFBC}") = "Testcontainers.AutoSetup.Tests", "Testcontainers.AutoSetup.Tests\Testcontainers.AutoSetup.Tests.csproj", "{A739377E-E298-46F5-925B-DCD299D33752}"
EndProject
Global
	GlobalSection(SolutionConfigurationPlatforms) = preSolution
		Debug|Any CPU = Debug|Any CPU
		Debug|x64 = Debug|x64
		Debug|x86 = Debug|x86
		Release|Any CPU = Release|Any CPU
		Release|x64 = Release|x64
		Release|x86 = Release|x86
	EndGlobalSection
	GlobalSection(ProjectConfigurationPlatforms) = postSolution
		{CE0A2F38-9ED5-4102-962E-A6B1872AF9CD}.Debug|Any CPU.ActiveCfg = Debug|Any CPU
		{CE0A2F38-9ED5-4102-962E-A6B1872AF9CD}.Debug|Any CPU.Build.0 = Debug|Any CPU
		{CE0A2F38-9ED5-4102-962E-A6B1872AF9CD}.Debug|x64.ActiveCfg = Debug|Any CPU
		{CE0A2F38-9ED5-4102-962E-A6B1872AF9CD}.Debug|x64.Build.0 = Debug|Any CPU
		{CE0A2F38-9ED5-4102-962E-A6B1872AF9CD}.Debug|x86.ActiveCfg = Debug|Any CPU
		{CE0A2F38-9ED5-4102-962E-A6B1872AF9CD}.Debug|x86.Build.0 = Debug|Any CPU
		{CE0A2F38-9ED5-4102-962E-A6B1872AF9CD}.Release|Any CPU.ActiveCfg = Release|Any CPU
		{CE0A2F38-9ED5-4102-962E-A6B1872AF9CD}.Release|Any CPU.Build.0 = Release|Any CPU
		{CE0A2F38-9ED5-4102-962E-A6B1872AF9CD}.Release|x64.ActiveCfg = Release|Any CPU
		{CE0A2F38-9ED5-4102-962E-A6B1872AF9CD}.Release|x64.Build.0 = Release|Any CPU
		{CE0A2F38-9ED5-4102-962E-A6B1872AF9CD}.Release|x86.ActiveCfg = Release|Any CPU
		{CE0A2F38-9ED5-4102-962E-A6B1872AF9CD}.Release|x86.Build.0 = Release|Any CPU
		{42703439-F256-431E-8ADE-7813BA692518}.Debug|Any CPU.ActiveCfg = Debug|Any CPU
		{42703439-F256-431E-8ADE-7813BA692518}.Debug|Any CPU.Build.0 = Debug|Any CPU
		{42703439-F256-431E-8ADE-7813BA692518}.Debug|x64.ActiveCfg = Debug|Any CPU
		{42703439-F256-431E-8ADE-7813BA692518}.Debug|x64.Build.0 = Debug|Any CPU
		{42703439-F256-431E-8ADE-7813BA692518}.Debug|x86.ActiveCfg = Debug|Any CPU
		{42703439-F256-431E-8ADE-7813BA692518}.Debug|x86.Build.0 = Debug|Any CPU
		{42703439-F256-431E-8ADE-7813BA692518}.Release|Any CPU.ActiveCfg = Release|Any CPU
		{42703439-F256-431E-8ADE-7813BA692518}.Release|Any CPU.Build.0 = Release|Any CPU
		{42703439-F256-431E-8ADE-7813BA692518}.Release|x64.ActiveCfg = Release|Any CPU
		{42703439-F256-431E-8ADE-7813BA692518}.Release|x64.Build.0 = Release|Any CPU
		{42703439-F256-431E-8ADE-7813BA692518}.Release|x86.ActiveCfg = Release|Any CPU
		{42703439-F256-431E-8ADE-7813BA692518}.Release|x86.Build.0 = Release|Any CPU
		{A739377E-E298-46F5-925B-DCD299D33752}.Debug|Any CPU.ActiveCfg = Debug|Any CPU
		{A739377E-E298-46F5-925B-DCD299D33752}.Debug|Any CPU.Build.0 = Debug|Any CPU
		{A739377E-E298-46F5-925B-DCD299D33752}.Debug|x64.ActiveCfg = Debug|Any CPU
		{A739377E-E298-46F5-925B-DCD299D33752}.Debug|x64.Build.0 = Debug|Any CPU
		{A739377E-E298-46F5-925B-DCD299D33752}.Debug|x86.ActiveCfg = Debug|Any CPU
		{A739377E-E298-46F5-925B-DCD299D33752}.Debug|x86.Build.0 = Debug|Any CPU
		{A739377E-E298-46F5-925B-DCD299D33752}.Release|Any CPU.ActiveCfg = Release|Any CPU
		{A739377E-E298-46F5-925B-DCD299D33752}.Release|Any CPU.Build.0 = Release|Any CPU
		{A739377E-E298-46F5-925B-DCD299D33752}.Release|x64.ActiveCfg = Release|Any CPU
		{A739377E-E298-46F5-925B-DCD299D33752}.Release|x64.Build.0 = Release|Any CPU
		{A739377E-E298-46F5-925B-DCD299D33752}.Release|x86.ActiveCfg = Release|Any CPU
		{A739377E-E298-46F5-925B-DCD299D33752}.Release|x86.Build.0 = Release|Any CPU
	EndGlobalSection
	GlobalSection(SolutionProperties) = preSolution
		HideSolutionNode = FALSE
	EndGlobalSection
	GlobalSection(NestedProjects) = preSolution
		{42703439-F256-431E-8ADE-7813BA692518} = {E98B419B-7C94-4939-09BD-90B9BA269A57}
	EndGlobalSection
	GlobalSection(ExtensibilityGlobals) = postSolution
		SolutionGuid = {B1187869-CF97-4900-BF2B-AE2F0E23D3E8}
	EndGlobalSection
EndGlobal
